<?xml version="1.0" encoding="utf-8"?>
<Project ToolsVersion="4.0" xmlns="http://schemas.microsoft.com/developer/msbuild/2003">
  <ItemGroup>
    <Filter Include="Source Files">
      <UniqueIdentifier>{4FC737F1-C7A5-4376-A066-2A32D752A2FF}</UniqueIdentifier>
      <Extensions>cpp;c;cc;cxx;c++;cppm;ixx;def;odl;idl;hpj;bat;asm;asmx</Extensions>
    </Filter>
    <Filter Include="Header Files">
      <UniqueIdentifier>{93995380-89BD-4b04-88EB-625FBE52EBFB}</UniqueIdentifier>
      <Extensions>h;hh;hpp;hxx;h++;hm;inl;inc;ipp;xsd</Extensions>
    </Filter>
    <Filter Include="Resource Files">
      <UniqueIdentifier>{67DA6AB6-F800-4c08-8B7A-83BB121AAD01}</UniqueIdentifier>
      <Extensions>rc;ico;cur;bmp;dlg;rc2;rct;bin;rgs;gif;jpg;jpeg;jpe;resx;tiff;tif;png;wav;mfcribbon-ms</Extensions>
    </Filter>
  </ItemGroup>
  <ItemGroup>
    <ClCompile Include="core.cpp">
      <Filter>Source Files</Filter>
    </ClCompile>
  </ItemGroup>
  <ItemGroup>
    <ClInclude Include="game\sdk.hpp">
      <Filter>Header Files</Filter>
    </ClInclude>
    <ClInclude Include="game\offsets.hpp">
      <Filter>Header Files</Filter>
    </ClInclude>
    <ClInclude Include="utils\crc32.hpp">
      <Filter>Header Files</Filter>
    </ClInclude>
    <ClInclude Include="core.hpp">
      <Filter>Header Files</Filter>
    </ClInclude>
    <ClInclude Include="utils\xorstr.hpp">
      <Filter>Header Files</Filter>
    </ClInclude>
    <ClInclude Include="utils\limp.hpp">
      <Filter>Header Files</Filter>
    </ClInclude>
    <ClInclude Include="utils\hook.hpp">
      <Filter>Header Files</Filter>
    </ClInclude>
    <ClInclude Include="game\unity\il2cpp.hpp">
      <Filter>Header Files</Filter>
    </ClInclude>
    <ClInclude Include="game\unity\il2cpp-helper.hpp">
      <Filter>Header Files</Filter>
    </ClInclude>
    <ClInclude Include="game\vector.hpp">
      <Filter>Header Files</Filter>
    </ClInclude>
    <ClInclude Include="game\rust\Component.hpp">
      <Filter>Header Files</Filter>
    </ClInclude>
    <ClInclude Include="game\rust\GameObject.hpp">
      <Filter>Header Files</Filter>
    </ClInclude>
    <ClInclude Include="game\rust\Type.hpp">
      <Filter>Header Files</Filter>
    </ClInclude>
    <ClInclude Include="game\rust\EventType.hpp">
      <Filter>Header Files</Filter>
    </ClInclude>
    <ClInclude Include="game\rust\TextAnchor.hpp">
      <Filter>Header Files</Filter>
    </ClInclude>
    <ClInclude Include="game\rust\Color.hpp">
      <Filter>Header Files</Filter>
    </ClInclude>
    <ClInclude Include="game\rust\Rect.hpp">
      <Filter>Header Files</Filter>
    </ClInclude>
    <ClInclude Include="game\rust\DDraw.hpp">
      <Filter>Header Files</Filter>
    </ClInclude>
    <ClInclude Include="game\rust\Event.hpp">
      <Filter>Header Files</Filter>
    </ClInclude>
    <ClInclude Include="game\rust\GUIContent.hpp">
      <Filter>Header Files</Filter>
    </ClInclude>
    <ClInclude Include="game\rust\GUIStyle.hpp">
      <Filter>Header Files</Filter>
    </ClInclude>
    <ClInclude Include="game\rust\GUISkin.hpp">
      <Filter>Header Files</Filter>
    </ClInclude>
    <ClInclude Include="game\rust\GUI.hpp">
      <Filter>Header Files</Filter>
    </ClInclude>
    <ClInclude Include="game\rust\MainMenuSystem.hpp">
      <Filter>Header Files</Filter>
    </ClInclude>
    <ClInclude Include="game\rust\Screen.hpp">
      <Filter>Header Files</Filter>
    </ClInclude>
    <ClInclude Include="game\rust\AssetBundle.hpp">
      <Filter>Header Files</Filter>
    </ClInclude>
    <ClInclude Include="game\rust\BaseCombatEntity.hpp">
      <Filter>Header Files</Filter>
    </ClInclude>
    <ClInclude Include="game\rust\BaseEntity.hpp">
      <Filter>Header Files</Filter>
    </ClInclude>
    <ClInclude Include="game\rust\BaseNetworkable.hpp">
      <Filter>Header Files</Filter>
    </ClInclude>
    <ClInclude Include="game\rust\BasePlayer.hpp">
      <Filter>Header Files</Filter>
    </ClInclude>
    <ClInclude Include="game\rust\Bone.hpp">
      <Filter>Header Files</Filter>
    </ClInclude>
    <ClInclude Include="game\rust\BoneCache.hpp">
      <Filter>Header Files</Filter>
    </ClInclude>
    <ClInclude Include="game\rust\BoxBounds.hpp">
      <Filter>Header Files</Filter>
    </ClInclude>
    <ClInclude Include="game\rust\Camera.hpp">
      <Filter>Header Files</Filter>
    </ClInclude>
    <ClInclude Include="game\rust\GamePhysics.hpp">
      <Filter>Header Files</Filter>
    </ClInclude>
    <ClInclude Include="game\rust\GL.hpp">
      <Filter>Header Files</Filter>
    </ClInclude>
    <ClInclude Include="game\rust\GUILayout.hpp">
      <Filter>Header Files</Filter>
    </ClInclude>
    <ClInclude Include="game\rust\GUILayoutOption.hpp">
      <Filter>Header Files</Filter>
    </ClInclude>
    <ClInclude Include="game\rust\GUIUtility.hpp">
      <Filter>Header Files</Filter>
    </ClInclude>
    <ClInclude Include="game\rust\Input.hpp">
      <Filter>Header Files</Filter>
    </ClInclude>
    <ClInclude Include="game\rust\KeyCode.hpp">
      <Filter>Header Files</Filter>
    </ClInclude>
    <ClInclude Include="game\rust\ListDictionary.hpp">
      <Filter>Header Files</Filter>
    </ClInclude>
    <ClInclude Include="game\rust\LocalPlayer.hpp">
      <Filter>Header Files</Filter>
    </ClInclude>
    <ClInclude Include="game\rust\MainCamera.hpp">
      <Filter>Header Files</Filter>
    </ClInclude>
    <ClInclude Include="game\rust\Matrix4x4.hpp">
      <Filter>Header Files</Filter>
    </ClInclude>
    <ClInclude Include="game\rust\Model.hpp">
      <Filter>Header Files</Filter>
    </ClInclude>
    <ClInclude Include="game\rust\PlayerEyes.hpp">
      <Filter>Header Files</Filter>
    </ClInclude>
    <ClInclude Include="game\rust\PlayerFlags.hpp">
      <Filter>Header Files</Filter>
    </ClInclude>
    <ClInclude Include="game\rust\Texture2D.hpp">
      <Filter>Header Files</Filter>
    </ClInclude>
    <ClInclude Include="game\rust\Transform.hpp">
      <Filter>Header Files</Filter>
    </ClInclude>
    <ClInclude Include="settings.hpp">
      <Filter>Header Files</Filter>
    </ClInclude>
    <ClInclude Include="shader.hpp">
      <Filter>Header Files</Filter>
    </ClInclude>
  </ItemGroup>
</Project>